
Microsoft Visual Studio Solution File, Format Version 12.00
# Visual Studio Version 17
VisualStudioVersion = 17.7.34031.279
MinimumVisualStudioVersion = 10.0.40219.1
Project("{FAE04EC0-301F-11D3-BF4B-00C04F79EFBC}") = "BinarySearch", "BinarySearch\BinarySearch.csproj", "{AFA9FD93-884E-401E-B438-ACDD73BF59FE}"
EndProject
Global
	GlobalSection(SolutionConfigurationPlatforms) = preSolution
		Debug|Any CPU = Debug|Any CPU
		Release|Any CPU = Release|Any CPU
	EndGlobalSection
	GlobalSection(ProjectConfigurationPlatforms) = postSolution
		{AFA9FD93-884E-401E-B438-ACDD73BF59FE}.Debug|Any CPU.ActiveCfg = Debug|Any CPU
		{AFA9FD93-884E-401E-B438-ACDD73BF59FE}.Debug|Any CPU.Build.0 = Debug|Any CPU
		{AFA9FD93-884E-401E-B438-ACDD73BF59FE}.Release|Any CPU.ActiveCfg = Release|Any CPU
		{AFA9FD93-884E-401E-B438-ACDD73BF59FE}.Release|Any CPU.Build.0 = Release|Any CPU
	EndGlobalSection
	GlobalSection(SolutionProperties) = preSolution
		HideSolutionNode = FALSE
	EndGlobalSection
	GlobalSection(ExtensibilityGlobals) = postSolution
		SolutionGuid = {8DA7B268-979D-4464-AC07-C9A76AB58DD2}
	EndGlobalSection
EndGlobal
